{
  "name": "parcel-multipage-cli",
  "version": "0.0.1",
  "lockfileVersion": 1,
  "requires": true,
  "dependencies": {
    "commander": {
      "version": "5.0.0",
      "resolved": "https://registry.npm.taobao.org/commander/download/commander-5.0.0.tgz?cache=0&sync_timestamp=1584148318639&other_urls=https%3A%2F%2Fregistry.npm.taobao.org%2Fcommander%2Fdownload%2Fcommander-5.0.0.tgz",
      "integrity": "sha1-2/GQm0nlBE+P2vCtyAnwwHIr39A="
    }
  }
}
